
Microsoft Visual Studio Solution File, Format Version 12.00
Project("{2150E333-8FDC-42A3-9474-1A3956D46DE8}") = "Documentation", "Documentation", "{9EED4398-3BA8-4065-A976-90F8C1022CBC}"
EndProject
Project("{FAE04EC0-301F-11D3-BF4B-00C04F79EFBC}") = "Docs", "Docs\Docs.csproj", "{3FE4554C-FC1E-4F76-B20C-3CA7E7FEE34A}"
EndProject
Project("{2150E333-8FDC-42A3-9474-1A3956D46DE8}") = "src", "src", "{B32DE9E7-F963-485E-B2E0-1CEFA01D2F4B}"
EndProject
Project("{2150E333-8FDC-42A3-9474-1A3956D46DE8}") = "Core", "Core", "{1488C571-1869-4E59-8234-AB29A2363C8A}"
EndProject
Project("{FAE04EC0-301F-11D3-BF4B-00C04F79EFBC}") = "W3TL.Core.Domain", "src\Core\W3TL.Core.Domain\W3TL.Core.Domain.csproj", "{AC4CF01E-5511-45FB-8D27-87ED5415A081}"
EndProject
Project("{2150E333-8FDC-42A3-9474-1A3956D46DE8}") = "Tests", "Tests", "{BFEA2D74-7918-49A2-BE5F-EC823295A137}"
EndProject
Project("{FAE04EC0-301F-11D3-BF4B-00C04F79EFBC}") = "UnitTests", "Tests\UnitTests\UnitTests.csproj", "{D111E173-D0AD-406E-8C56-6BC16D5BE9DD}"
EndProject
Project("{2150E333-8FDC-42A3-9474-1A3956D46DE8}") = "Tools", "Tools", "{B19C6E88-59E1-4D1B-853B-1E0708BB4C1B}"
EndProject
Project("{FAE04EC0-301F-11D3-BF4B-00C04F79EFBC}") = "W3TL.Core.Tools.OperationResult", "src\Core\Tools\W3TL.Core.Tools.OperationResult\W3TL.Core.Tools.OperationResult.csproj", "{ABA32F16-C274-4201-ACA4-F61A91C62743}"
EndProject
Project("{FAE04EC0-301F-11D3-BF4B-00C04F79EFBC}") = "W3TL.Core.Application", "src\Core\W3TL.Core.Application\W3TL.Core.Application.csproj", "{A3BF43B8-14B5-4C08-86F5-1C612EB8A372}"
EndProject
Project("{2150E333-8FDC-42A3-9474-1A3956D46DE8}") = "Infrastructure", "Infrastructure", "{515B7E08-8D7B-47C8-8F46-324889FC3E84}"
EndProject
Project("{FAE04EC0-301F-11D3-BF4B-00C04F79EFBC}") = "Persistance", "src\Infrastructure\Persistance\Persistance.csproj", "{FA532E1A-943C-4DCF-8E7E-94083622A400}"
EndProject
Project("{FAE04EC0-301F-11D3-BF4B-00C04F79EFBC}") = "Queries", "src\Infrastructure\Queries\Queries\Queries.csproj", "{50008966-1639-47D5-87FA-DEE9A2B49033}"
EndProject
Project("{FAE04EC0-301F-11D3-BF4B-00C04F79EFBC}") = "QueryContracts", "src\Core\QueryContracts\QueryContracts\QueryContracts.csproj", "{6F62B41D-790A-4FCA-82E4-E9405D81395F}"
EndProject
Project("{2150E333-8FDC-42A3-9474-1A3956D46DE8}") = "Presentation", "Presentation", "{70A6B020-0474-42F7-8615-F40B561683FB}"
EndProject
Project("{FAE04EC0-301F-11D3-BF4B-00C04F79EFBC}") = "WebApi", "src\WebApi\WebApi\WebApi.csproj", "{79C76A86-6295-4F0B-9BB4-D8BDC17A8C31}"
EndProject
Global
	GlobalSection(SolutionConfigurationPlatforms) = preSolution
		Debug|Any CPU = Debug|Any CPU
		Release|Any CPU = Release|Any CPU
	EndGlobalSection
	GlobalSection(NestedProjects) = preSolution
		{3FE4554C-FC1E-4F76-B20C-3CA7E7FEE34A} = {9EED4398-3BA8-4065-A976-90F8C1022CBC}
		{1488C571-1869-4E59-8234-AB29A2363C8A} = {B32DE9E7-F963-485E-B2E0-1CEFA01D2F4B}
		{AC4CF01E-5511-45FB-8D27-87ED5415A081} = {1488C571-1869-4E59-8234-AB29A2363C8A}
		{D111E173-D0AD-406E-8C56-6BC16D5BE9DD} = {BFEA2D74-7918-49A2-BE5F-EC823295A137}
		{B19C6E88-59E1-4D1B-853B-1E0708BB4C1B} = {1488C571-1869-4E59-8234-AB29A2363C8A}
		{ABA32F16-C274-4201-ACA4-F61A91C62743} = {B19C6E88-59E1-4D1B-853B-1E0708BB4C1B}
		{A3BF43B8-14B5-4C08-86F5-1C612EB8A372} = {1488C571-1869-4E59-8234-AB29A2363C8A}
		{515B7E08-8D7B-47C8-8F46-324889FC3E84} = {B32DE9E7-F963-485E-B2E0-1CEFA01D2F4B}
		{FA532E1A-943C-4DCF-8E7E-94083622A400} = {515B7E08-8D7B-47C8-8F46-324889FC3E84}
		{50008966-1639-47D5-87FA-DEE9A2B49033} = {515B7E08-8D7B-47C8-8F46-324889FC3E84}
		{6F62B41D-790A-4FCA-82E4-E9405D81395F} = {1488C571-1869-4E59-8234-AB29A2363C8A}
		{70A6B020-0474-42F7-8615-F40B561683FB} = {B32DE9E7-F963-485E-B2E0-1CEFA01D2F4B}
		{79C76A86-6295-4F0B-9BB4-D8BDC17A8C31} = {70A6B020-0474-42F7-8615-F40B561683FB}
	EndGlobalSection
	GlobalSection(ProjectConfigurationPlatforms) = postSolution
		{3FE4554C-FC1E-4F76-B20C-3CA7E7FEE34A}.Debug|Any CPU.ActiveCfg = Debug|Any CPU
		{3FE4554C-FC1E-4F76-B20C-3CA7E7FEE34A}.Debug|Any CPU.Build.0 = Debug|Any CPU
		{3FE4554C-FC1E-4F76-B20C-3CA7E7FEE34A}.Release|Any CPU.ActiveCfg = Release|Any CPU
		{3FE4554C-FC1E-4F76-B20C-3CA7E7FEE34A}.Release|Any CPU.Build.0 = Release|Any CPU
		{AC4CF01E-5511-45FB-8D27-87ED5415A081}.Debug|Any CPU.ActiveCfg = Debug|Any CPU
		{AC4CF01E-5511-45FB-8D27-87ED5415A081}.Debug|Any CPU.Build.0 = Debug|Any CPU
		{AC4CF01E-5511-45FB-8D27-87ED5415A081}.Release|Any CPU.ActiveCfg = Release|Any CPU
		{AC4CF01E-5511-45FB-8D27-87ED5415A081}.Release|Any CPU.Build.0 = Release|Any CPU
		{D111E173-D0AD-406E-8C56-6BC16D5BE9DD}.Debug|Any CPU.ActiveCfg = Debug|Any CPU
		{D111E173-D0AD-406E-8C56-6BC16D5BE9DD}.Debug|Any CPU.Build.0 = Debug|Any CPU
		{D111E173-D0AD-406E-8C56-6BC16D5BE9DD}.Release|Any CPU.ActiveCfg = Release|Any CPU
		{D111E173-D0AD-406E-8C56-6BC16D5BE9DD}.Release|Any CPU.Build.0 = Release|Any CPU
		{ABA32F16-C274-4201-ACA4-F61A91C62743}.Debug|Any CPU.ActiveCfg = Debug|Any CPU
		{ABA32F16-C274-4201-ACA4-F61A91C62743}.Debug|Any CPU.Build.0 = Debug|Any CPU
		{ABA32F16-C274-4201-ACA4-F61A91C62743}.Release|Any CPU.ActiveCfg = Release|Any CPU
		{ABA32F16-C274-4201-ACA4-F61A91C62743}.Release|Any CPU.Build.0 = Release|Any CPU
		{A3BF43B8-14B5-4C08-86F5-1C612EB8A372}.Debug|Any CPU.ActiveCfg = Debug|Any CPU
		{A3BF43B8-14B5-4C08-86F5-1C612EB8A372}.Debug|Any CPU.Build.0 = Debug|Any CPU
		{A3BF43B8-14B5-4C08-86F5-1C612EB8A372}.Release|Any CPU.ActiveCfg = Release|Any CPU
		{A3BF43B8-14B5-4C08-86F5-1C612EB8A372}.Release|Any CPU.Build.0 = Release|Any CPU
		{FA532E1A-943C-4DCF-8E7E-94083622A400}.Debug|Any CPU.ActiveCfg = Debug|Any CPU
		{FA532E1A-943C-4DCF-8E7E-94083622A400}.Debug|Any CPU.Build.0 = Debug|Any CPU
		{FA532E1A-943C-4DCF-8E7E-94083622A400}.Release|Any CPU.ActiveCfg = Release|Any CPU
		{FA532E1A-943C-4DCF-8E7E-94083622A400}.Release|Any CPU.Build.0 = Release|Any CPU
		{50008966-1639-47D5-87FA-DEE9A2B49033}.Debug|Any CPU.ActiveCfg = Debug|Any CPU
		{50008966-1639-47D5-87FA-DEE9A2B49033}.Debug|Any CPU.Build.0 = Debug|Any CPU
		{50008966-1639-47D5-87FA-DEE9A2B49033}.Release|Any CPU.ActiveCfg = Release|Any CPU
		{50008966-1639-47D5-87FA-DEE9A2B49033}.Release|Any CPU.Build.0 = Release|Any CPU
		{6F62B41D-790A-4FCA-82E4-E9405D81395F}.Debug|Any CPU.ActiveCfg = Debug|Any CPU
		{6F62B41D-790A-4FCA-82E4-E9405D81395F}.Debug|Any CPU.Build.0 = Debug|Any CPU
		{6F62B41D-790A-4FCA-82E4-E9405D81395F}.Release|Any CPU.ActiveCfg = Release|Any CPU
		{6F62B41D-790A-4FCA-82E4-E9405D81395F}.Release|Any CPU.Build.0 = Release|Any CPU
		{79C76A86-6295-4F0B-9BB4-D8BDC17A8C31}.Debug|Any CPU.ActiveCfg = Debug|Any CPU
		{79C76A86-6295-4F0B-9BB4-D8BDC17A8C31}.Debug|Any CPU.Build.0 = Debug|Any CPU
		{79C76A86-6295-4F0B-9BB4-D8BDC17A8C31}.Release|Any CPU.ActiveCfg = Release|Any CPU
		{79C76A86-6295-4F0B-9BB4-D8BDC17A8C31}.Release|Any CPU.Build.0 = Release|Any CPU
	EndGlobalSection
EndGlobal
